
Microsoft Visual Studio Solution File, Format Version 12.00
# Visual Studio Version 16
VisualStudioVersion = 16.0.30611.23
MinimumVisualStudioVersion = 10.0.40219.1
Project("{FAE04EC0-301F-11D3-BF4B-00C04F79EFBC}") = "01.Clock", "01.Clock\01.Clock.csproj", "{C27B5667-B67D-4BC3-89D4-DD18776AB149}"
EndProject
Project("{FAE04EC0-301F-11D3-BF4B-00C04F79EFBC}") = "02.MultiplicationTable", "02.MultiplicationTable\02.MultiplicationTable.csproj", "{CA0E4194-1FE8-4CAC-87F4-D690B31D5D8A}"
EndProject
Project("{FAE04EC0-301F-11D3-BF4B-00C04F79EFBC}") = "03.Combinations", "03.Combinations\03.Combinations.csproj", "{4BAACD6A-2B35-4759-AE01-649F7F510797}"
EndProject
Project("{FAE04EC0-301F-11D3-BF4B-00C04F79EFBC}") = "04.SumOfTwoNumbers", "04.SumOfTwoNumbers\04.SumOfTwoNumbers.csproj", "{653F899B-DD36-4875-B1AA-645EEA60B214}"
EndProject
Project("{FAE04EC0-301F-11D3-BF4B-00C04F79EFBC}") = "05.Travelling", "05.Travelling\05.Travelling.csproj", "{0FEF2B36-324C-44E4-A22E-B2CC7DCE922F}"
EndProject
Project("{FAE04EC0-301F-11D3-BF4B-00C04F79EFBC}") = "06.Building", "06.Building\06.Building.csproj", "{F80C8AEA-0B5D-462A-B969-3CEEB69C4A70}"
EndProject
Project("{FAE04EC0-301F-11D3-BF4B-00C04F79EFBC}") = "07.CinemaTickets", "07.CinemaTickets\07.CinemaTickets.csproj", "{86D814D5-1942-42D4-B38E-A5AC4ECD0E81}"
EndProject
Global
	GlobalSection(SolutionConfigurationPlatforms) = preSolution
		Debug|Any CPU = Debug|Any CPU
		Release|Any CPU = Release|Any CPU
	EndGlobalSection
	GlobalSection(ProjectConfigurationPlatforms) = postSolution
		{C27B5667-B67D-4BC3-89D4-DD18776AB149}.Debug|Any CPU.ActiveCfg = Debug|Any CPU
		{C27B5667-B67D-4BC3-89D4-DD18776AB149}.Debug|Any CPU.Build.0 = Debug|Any CPU
		{C27B5667-B67D-4BC3-89D4-DD18776AB149}.Release|Any CPU.ActiveCfg = Release|Any CPU
		{C27B5667-B67D-4BC3-89D4-DD18776AB149}.Release|Any CPU.Build.0 = Release|Any CPU
		{CA0E4194-1FE8-4CAC-87F4-D690B31D5D8A}.Debug|Any CPU.ActiveCfg = Debug|Any CPU
		{CA0E4194-1FE8-4CAC-87F4-D690B31D5D8A}.Debug|Any CPU.Build.0 = Debug|Any CPU
		{CA0E4194-1FE8-4CAC-87F4-D690B31D5D8A}.Release|Any CPU.ActiveCfg = Release|Any CPU
		{CA0E4194-1FE8-4CAC-87F4-D690B31D5D8A}.Release|Any CPU.Build.0 = Release|Any CPU
		{4BAACD6A-2B35-4759-AE01-649F7F510797}.Debug|Any CPU.ActiveCfg = Debug|Any CPU
		{4BAACD6A-2B35-4759-AE01-649F7F510797}.Debug|Any CPU.Build.0 = Debug|Any CPU
		{4BAACD6A-2B35-4759-AE01-649F7F510797}.Release|Any CPU.ActiveCfg = Release|Any CPU
		{4BAACD6A-2B35-4759-AE01-649F7F510797}.Release|Any CPU.Build.0 = Release|Any CPU
		{653F899B-DD36-4875-B1AA-645EEA60B214}.Debug|Any CPU.ActiveCfg = Debug|Any CPU
		{653F899B-DD36-4875-B1AA-645EEA60B214}.Debug|Any CPU.Build.0 = Debug|Any CPU
		{653F899B-DD36-4875-B1AA-645EEA60B214}.Release|Any CPU.ActiveCfg = Release|Any CPU
		{653F899B-DD36-4875-B1AA-645EEA60B214}.Release|Any CPU.Build.0 = Release|Any CPU
		{0FEF2B36-324C-44E4-A22E-B2CC7DCE922F}.Debug|Any CPU.ActiveCfg = Debug|Any CPU
		{0FEF2B36-324C-44E4-A22E-B2CC7DCE922F}.Debug|Any CPU.Build.0 = Debug|Any CPU
		{0FEF2B36-324C-44E4-A22E-B2CC7DCE922F}.Release|Any CPU.ActiveCfg = Release|Any CPU
		{0FEF2B36-324C-44E4-A22E-B2CC7DCE922F}.Release|Any CPU.Build.0 = Release|Any CPU
		{F80C8AEA-0B5D-462A-B969-3CEEB69C4A70}.Debug|Any CPU.ActiveCfg = Debug|Any CPU
		{F80C8AEA-0B5D-462A-B969-3CEEB69C4A70}.Debug|Any CPU.Build.0 = Debug|Any CPU
		{F80C8AEA-0B5D-462A-B969-3CEEB69C4A70}.Release|Any CPU.ActiveCfg = Release|Any CPU
		{F80C8AEA-0B5D-462A-B969-3CEEB69C4A70}.Release|Any CPU.Build.0 = Release|Any CPU
		{86D814D5-1942-42D4-B38E-A5AC4ECD0E81}.Debug|Any CPU.ActiveCfg = Debug|Any CPU
		{86D814D5-1942-42D4-B38E-A5AC4ECD0E81}.Debug|Any CPU.Build.0 = Debug|Any CPU
		{86D814D5-1942-42D4-B38E-A5AC4ECD0E81}.Release|Any CPU.ActiveCfg = Release|Any CPU
		{86D814D5-1942-42D4-B38E-A5AC4ECD0E81}.Release|Any CPU.Build.0 = Release|Any CPU
	EndGlobalSection
	GlobalSection(SolutionProperties) = preSolution
		HideSolutionNode = FALSE
	EndGlobalSection
	GlobalSection(ExtensibilityGlobals) = postSolution
		SolutionGuid = {E4A76AA8-327D-47E0-91EE-A49ABF3BFD16}
	EndGlobalSection
EndGlobal
