
Microsoft Visual Studio Solution File, Format Version 12.00
# Visual Studio Version 16
VisualStudioVersion = 16.0.30907.101
MinimumVisualStudioVersion = 10.0.40219.1
Project("{FAE04EC0-301F-11D3-BF4B-00C04F79EFBC}") = "1.PasswordReset", "1.PasswordReset\1.PasswordReset.csproj", "{BB2D5D1D-0DB0-4552-8673-0AB760663A68}"
EndProject
Project("{FAE04EC0-301F-11D3-BF4B-00C04F79EFBC}") = "2.FancyBarcodes", "2.FancyBarcodes\2.FancyBarcodes.csproj", "{728CD487-CB65-4962-9ABB-1D43F69BA41B}"
EndProject
Project("{FAE04EC0-301F-11D3-BF4B-00C04F79EFBC}") = "3.HeroesOfCodeAndLogicVII", "3.HeroesOfCodeAndLogicVII\3.HeroesOfCodeAndLogicVII.csproj", "{B6E7A928-C0E0-40EA-8555-D516BB00B9E7}"
EndProject
Project("{FAE04EC0-301F-11D3-BF4B-00C04F79EFBC}") = "3.HeroesOfCodeAndLogicVII2varNestedDict", "3.HeroesOfCodeAndLogicVII2varNestedDict\3.HeroesOfCodeAndLogicVII2varNestedDict.csproj", "{B95FA959-F971-4E49-AA2F-A5F85600D9F1}"
EndProject
Project("{FAE04EC0-301F-11D3-BF4B-00C04F79EFBC}") = "3.HeroesOfCodeAnd LogicVII3var2Dict", "3.HeroesOfCodeAnd LogicVII3var2Dict\3.HeroesOfCodeAnd LogicVII3var2Dict.csproj", "{F08A6ACA-09B8-421B-9931-C5F1C1070230}"
EndProject
Global
	GlobalSection(SolutionConfigurationPlatforms) = preSolution
		Debug|Any CPU = Debug|Any CPU
		Release|Any CPU = Release|Any CPU
	EndGlobalSection
	GlobalSection(ProjectConfigurationPlatforms) = postSolution
		{BB2D5D1D-0DB0-4552-8673-0AB760663A68}.Debug|Any CPU.ActiveCfg = Debug|Any CPU
		{BB2D5D1D-0DB0-4552-8673-0AB760663A68}.Debug|Any CPU.Build.0 = Debug|Any CPU
		{BB2D5D1D-0DB0-4552-8673-0AB760663A68}.Release|Any CPU.ActiveCfg = Release|Any CPU
		{BB2D5D1D-0DB0-4552-8673-0AB760663A68}.Release|Any CPU.Build.0 = Release|Any CPU
		{728CD487-CB65-4962-9ABB-1D43F69BA41B}.Debug|Any CPU.ActiveCfg = Debug|Any CPU
		{728CD487-CB65-4962-9ABB-1D43F69BA41B}.Debug|Any CPU.Build.0 = Debug|Any CPU
		{728CD487-CB65-4962-9ABB-1D43F69BA41B}.Release|Any CPU.ActiveCfg = Release|Any CPU
		{728CD487-CB65-4962-9ABB-1D43F69BA41B}.Release|Any CPU.Build.0 = Release|Any CPU
		{B6E7A928-C0E0-40EA-8555-D516BB00B9E7}.Debug|Any CPU.ActiveCfg = Debug|Any CPU
		{B6E7A928-C0E0-40EA-8555-D516BB00B9E7}.Debug|Any CPU.Build.0 = Debug|Any CPU
		{B6E7A928-C0E0-40EA-8555-D516BB00B9E7}.Release|Any CPU.ActiveCfg = Release|Any CPU
		{B6E7A928-C0E0-40EA-8555-D516BB00B9E7}.Release|Any CPU.Build.0 = Release|Any CPU
		{B95FA959-F971-4E49-AA2F-A5F85600D9F1}.Debug|Any CPU.ActiveCfg = Debug|Any CPU
		{B95FA959-F971-4E49-AA2F-A5F85600D9F1}.Debug|Any CPU.Build.0 = Debug|Any CPU
		{B95FA959-F971-4E49-AA2F-A5F85600D9F1}.Release|Any CPU.ActiveCfg = Release|Any CPU
		{B95FA959-F971-4E49-AA2F-A5F85600D9F1}.Release|Any CPU.Build.0 = Release|Any CPU
		{F08A6ACA-09B8-421B-9931-C5F1C1070230}.Debug|Any CPU.ActiveCfg = Debug|Any CPU
		{F08A6ACA-09B8-421B-9931-C5F1C1070230}.Debug|Any CPU.Build.0 = Debug|Any CPU
		{F08A6ACA-09B8-421B-9931-C5F1C1070230}.Release|Any CPU.ActiveCfg = Release|Any CPU
		{F08A6ACA-09B8-421B-9931-C5F1C1070230}.Release|Any CPU.Build.0 = Release|Any CPU
	EndGlobalSection
	GlobalSection(SolutionProperties) = preSolution
		HideSolutionNode = FALSE
	EndGlobalSection
	GlobalSection(ExtensibilityGlobals) = postSolution
		SolutionGuid = {E85FB72F-A769-4AAB-B379-41A0ADA4B53F}
	EndGlobalSection
EndGlobal
