
Microsoft Visual Studio Solution File, Format Version 12.00
# Visual Studio Version 16
VisualStudioVersion = 16.0.30907.101
MinimumVisualStudioVersion = 10.0.40219.1
Project("{9A19103F-16F7-4668-BE54-9A1E7A4F7556}") = "01.BasicStackOperations", "01.BasicStackOperations\01.BasicStackOperations.csproj", "{44D7A488-EB52-45B8-8549-265A821EED7B}"
EndProject
Project("{9A19103F-16F7-4668-BE54-9A1E7A4F7556}") = "02.BasicQueueOperations", "02.BasicQueueOperations\02.BasicQueueOperations.csproj", "{6FEB650C-EA13-4207-AB7C-3DB011DE6106}"
EndProject
Project("{9A19103F-16F7-4668-BE54-9A1E7A4F7556}") = "03.MaximumAndMinimumElement", "03.MaximumAndMinimumElement\03.MaximumAndMinimumElement.csproj", "{6BB7C5D1-C0A3-43D0-91F2-714F4FD9298F}"
EndProject
Project("{9A19103F-16F7-4668-BE54-9A1E7A4F7556}") = "04.FastFood", "04.FastFood\04.FastFood.csproj", "{AB7255D2-0905-458C-8C25-ACAD81C2E3FF}"
EndProject
Project("{9A19103F-16F7-4668-BE54-9A1E7A4F7556}") = "04.FastFood2var", "04.FastFood2var\04.FastFood2var.csproj", "{24FF5534-80E4-4B5A-A160-FC74AF086E19}"
EndProject
Project("{9A19103F-16F7-4668-BE54-9A1E7A4F7556}") = "05.FashionBoutique", "05.FashionBoutique\05.FashionBoutique.csproj", "{9C9129A0-242F-4CDA-B31C-CC542FEE2FEA}"
EndProject
Project("{9A19103F-16F7-4668-BE54-9A1E7A4F7556}") = "06.SongsQueue", "06.SongsQueue\06.SongsQueue.csproj", "{9F50FD9C-C4AC-4885-8647-5E8BE63919BA}"
EndProject
Project("{9A19103F-16F7-4668-BE54-9A1E7A4F7556}") = "07.TruckTour", "07.TruckTour\07.TruckTour.csproj", "{CEDF9777-7BE1-490F-8206-2BA6825EFAE5}"
EndProject
Project("{9A19103F-16F7-4668-BE54-9A1E7A4F7556}") = "08.BalancedParenthesis", "08.BalancedParenthesis\08.BalancedParenthesis.csproj", "{86EF06EA-DFD1-478C-B06F-4C71DE54539C}"
EndProject
Project("{9A19103F-16F7-4668-BE54-9A1E7A4F7556}") = "09.SimpleTextEditor", "09.SimpleTextEditor\09.SimpleTextEditor.csproj", "{7E574063-9956-4A4D-ABF7-3C7C0B4B24D8}"
EndProject
Project("{9A19103F-16F7-4668-BE54-9A1E7A4F7556}") = "10.Crossroads", "10.Crossroads\10.Crossroads.csproj", "{1F7A4BF1-9487-4495-9165-61656BC0C712}"
EndProject
Project("{FAE04EC0-301F-11D3-BF4B-00C04F79EFBC}") = "10.Crossroads2var", "10.Crossroads2var\10.Crossroads2var.csproj", "{2ABC8909-D563-4D8E-B92A-1BA0835305C5}"
EndProject
Project("{FAE04EC0-301F-11D3-BF4B-00C04F79EFBC}") = "10.Crossroads3var", "10.Crossroads3var\10.Crossroads3var.csproj", "{CE4953A4-03AF-4071-842D-75BA95EA12BB}"
EndProject
Project("{FAE04EC0-301F-11D3-BF4B-00C04F79EFBC}") = "11.KeyRevolver", "11.KeyRevolver\11.KeyRevolver.csproj", "{A74359B3-0982-48D3-8DC3-51E3FDA04F99}"
EndProject
Project("{FAE04EC0-301F-11D3-BF4B-00C04F79EFBC}") = "12.CupsAndBottles", "12.CupsAndBottles\12.CupsAndBottles.csproj", "{12B70543-DCFD-4E8D-B94E-F0B1CD94EA2F}"
EndProject
Project("{FAE04EC0-301F-11D3-BF4B-00C04F79EFBC}") = "12.CupsAndBottles2var", "12.CupsAndBottles2var\12.CupsAndBottles2var.csproj", "{3172F16D-3DA5-4B85-BC71-F9CC47139A84}"
EndProject
Project("{FAE04EC0-301F-11D3-BF4B-00C04F79EFBC}") = "08.BalancedParenthesis2var", "08.BalancedParenthesis2var\08.BalancedParenthesis2var.csproj", "{6228DE1F-2430-4F7A-BEC5-CBD56552F303}"
EndProject
Project("{FAE04EC0-301F-11D3-BF4B-00C04F79EFBC}") = "08.BalancedParentheses3var", "08.BalancedParentheses3var\08.BalancedParentheses3var.csproj", "{E75F60FB-32C7-4C51-9D6D-29057E19C43E}"
EndProject
Project("{FAE04EC0-301F-11D3-BF4B-00C04F79EFBC}") = "08.BalancedParentheses4var", "08.BalancedParentheses4var\08.BalancedParentheses4var.csproj", "{9E614865-004B-45A7-9519-D7B578E8F8E0}"
EndProject
Global
	GlobalSection(SolutionConfigurationPlatforms) = preSolution
		Debug|Any CPU = Debug|Any CPU
		Release|Any CPU = Release|Any CPU
	EndGlobalSection
	GlobalSection(ProjectConfigurationPlatforms) = postSolution
		{44D7A488-EB52-45B8-8549-265A821EED7B}.Debug|Any CPU.ActiveCfg = Debug|Any CPU
		{44D7A488-EB52-45B8-8549-265A821EED7B}.Debug|Any CPU.Build.0 = Debug|Any CPU
		{44D7A488-EB52-45B8-8549-265A821EED7B}.Release|Any CPU.ActiveCfg = Release|Any CPU
		{44D7A488-EB52-45B8-8549-265A821EED7B}.Release|Any CPU.Build.0 = Release|Any CPU
		{6FEB650C-EA13-4207-AB7C-3DB011DE6106}.Debug|Any CPU.ActiveCfg = Debug|Any CPU
		{6FEB650C-EA13-4207-AB7C-3DB011DE6106}.Debug|Any CPU.Build.0 = Debug|Any CPU
		{6FEB650C-EA13-4207-AB7C-3DB011DE6106}.Release|Any CPU.ActiveCfg = Release|Any CPU
		{6FEB650C-EA13-4207-AB7C-3DB011DE6106}.Release|Any CPU.Build.0 = Release|Any CPU
		{6BB7C5D1-C0A3-43D0-91F2-714F4FD9298F}.Debug|Any CPU.ActiveCfg = Debug|Any CPU
		{6BB7C5D1-C0A3-43D0-91F2-714F4FD9298F}.Debug|Any CPU.Build.0 = Debug|Any CPU
		{6BB7C5D1-C0A3-43D0-91F2-714F4FD9298F}.Release|Any CPU.ActiveCfg = Release|Any CPU
		{6BB7C5D1-C0A3-43D0-91F2-714F4FD9298F}.Release|Any CPU.Build.0 = Release|Any CPU
		{AB7255D2-0905-458C-8C25-ACAD81C2E3FF}.Debug|Any CPU.ActiveCfg = Debug|Any CPU
		{AB7255D2-0905-458C-8C25-ACAD81C2E3FF}.Debug|Any CPU.Build.0 = Debug|Any CPU
		{AB7255D2-0905-458C-8C25-ACAD81C2E3FF}.Release|Any CPU.ActiveCfg = Release|Any CPU
		{AB7255D2-0905-458C-8C25-ACAD81C2E3FF}.Release|Any CPU.Build.0 = Release|Any CPU
		{24FF5534-80E4-4B5A-A160-FC74AF086E19}.Debug|Any CPU.ActiveCfg = Debug|Any CPU
		{24FF5534-80E4-4B5A-A160-FC74AF086E19}.Debug|Any CPU.Build.0 = Debug|Any CPU
		{24FF5534-80E4-4B5A-A160-FC74AF086E19}.Release|Any CPU.ActiveCfg = Release|Any CPU
		{24FF5534-80E4-4B5A-A160-FC74AF086E19}.Release|Any CPU.Build.0 = Release|Any CPU
		{9C9129A0-242F-4CDA-B31C-CC542FEE2FEA}.Debug|Any CPU.ActiveCfg = Debug|Any CPU
		{9C9129A0-242F-4CDA-B31C-CC542FEE2FEA}.Debug|Any CPU.Build.0 = Debug|Any CPU
		{9C9129A0-242F-4CDA-B31C-CC542FEE2FEA}.Release|Any CPU.ActiveCfg = Release|Any CPU
		{9C9129A0-242F-4CDA-B31C-CC542FEE2FEA}.Release|Any CPU.Build.0 = Release|Any CPU
		{9F50FD9C-C4AC-4885-8647-5E8BE63919BA}.Debug|Any CPU.ActiveCfg = Debug|Any CPU
		{9F50FD9C-C4AC-4885-8647-5E8BE63919BA}.Debug|Any CPU.Build.0 = Debug|Any CPU
		{9F50FD9C-C4AC-4885-8647-5E8BE63919BA}.Release|Any CPU.ActiveCfg = Release|Any CPU
		{9F50FD9C-C4AC-4885-8647-5E8BE63919BA}.Release|Any CPU.Build.0 = Release|Any CPU
		{CEDF9777-7BE1-490F-8206-2BA6825EFAE5}.Debug|Any CPU.ActiveCfg = Debug|Any CPU
		{CEDF9777-7BE1-490F-8206-2BA6825EFAE5}.Debug|Any CPU.Build.0 = Debug|Any CPU
		{CEDF9777-7BE1-490F-8206-2BA6825EFAE5}.Release|Any CPU.ActiveCfg = Release|Any CPU
		{CEDF9777-7BE1-490F-8206-2BA6825EFAE5}.Release|Any CPU.Build.0 = Release|Any CPU
		{86EF06EA-DFD1-478C-B06F-4C71DE54539C}.Debug|Any CPU.ActiveCfg = Debug|Any CPU
		{86EF06EA-DFD1-478C-B06F-4C71DE54539C}.Debug|Any CPU.Build.0 = Debug|Any CPU
		{86EF06EA-DFD1-478C-B06F-4C71DE54539C}.Release|Any CPU.ActiveCfg = Release|Any CPU
		{86EF06EA-DFD1-478C-B06F-4C71DE54539C}.Release|Any CPU.Build.0 = Release|Any CPU
		{7E574063-9956-4A4D-ABF7-3C7C0B4B24D8}.Debug|Any CPU.ActiveCfg = Debug|Any CPU
		{7E574063-9956-4A4D-ABF7-3C7C0B4B24D8}.Debug|Any CPU.Build.0 = Debug|Any CPU
		{7E574063-9956-4A4D-ABF7-3C7C0B4B24D8}.Release|Any CPU.ActiveCfg = Release|Any CPU
		{7E574063-9956-4A4D-ABF7-3C7C0B4B24D8}.Release|Any CPU.Build.0 = Release|Any CPU
		{1F7A4BF1-9487-4495-9165-61656BC0C712}.Debug|Any CPU.ActiveCfg = Debug|Any CPU
		{1F7A4BF1-9487-4495-9165-61656BC0C712}.Debug|Any CPU.Build.0 = Debug|Any CPU
		{1F7A4BF1-9487-4495-9165-61656BC0C712}.Release|Any CPU.ActiveCfg = Release|Any CPU
		{1F7A4BF1-9487-4495-9165-61656BC0C712}.Release|Any CPU.Build.0 = Release|Any CPU
		{2ABC8909-D563-4D8E-B92A-1BA0835305C5}.Debug|Any CPU.ActiveCfg = Debug|Any CPU
		{2ABC8909-D563-4D8E-B92A-1BA0835305C5}.Debug|Any CPU.Build.0 = Debug|Any CPU
		{2ABC8909-D563-4D8E-B92A-1BA0835305C5}.Release|Any CPU.ActiveCfg = Release|Any CPU
		{2ABC8909-D563-4D8E-B92A-1BA0835305C5}.Release|Any CPU.Build.0 = Release|Any CPU
		{CE4953A4-03AF-4071-842D-75BA95EA12BB}.Debug|Any CPU.ActiveCfg = Debug|Any CPU
		{CE4953A4-03AF-4071-842D-75BA95EA12BB}.Debug|Any CPU.Build.0 = Debug|Any CPU
		{CE4953A4-03AF-4071-842D-75BA95EA12BB}.Release|Any CPU.ActiveCfg = Release|Any CPU
		{CE4953A4-03AF-4071-842D-75BA95EA12BB}.Release|Any CPU.Build.0 = Release|Any CPU
		{A74359B3-0982-48D3-8DC3-51E3FDA04F99}.Debug|Any CPU.ActiveCfg = Debug|Any CPU
		{A74359B3-0982-48D3-8DC3-51E3FDA04F99}.Debug|Any CPU.Build.0 = Debug|Any CPU
		{A74359B3-0982-48D3-8DC3-51E3FDA04F99}.Release|Any CPU.ActiveCfg = Release|Any CPU
		{A74359B3-0982-48D3-8DC3-51E3FDA04F99}.Release|Any CPU.Build.0 = Release|Any CPU
		{12B70543-DCFD-4E8D-B94E-F0B1CD94EA2F}.Debug|Any CPU.ActiveCfg = Debug|Any CPU
		{12B70543-DCFD-4E8D-B94E-F0B1CD94EA2F}.Debug|Any CPU.Build.0 = Debug|Any CPU
		{12B70543-DCFD-4E8D-B94E-F0B1CD94EA2F}.Release|Any CPU.ActiveCfg = Release|Any CPU
		{12B70543-DCFD-4E8D-B94E-F0B1CD94EA2F}.Release|Any CPU.Build.0 = Release|Any CPU
		{3172F16D-3DA5-4B85-BC71-F9CC47139A84}.Debug|Any CPU.ActiveCfg = Debug|Any CPU
		{3172F16D-3DA5-4B85-BC71-F9CC47139A84}.Debug|Any CPU.Build.0 = Debug|Any CPU
		{3172F16D-3DA5-4B85-BC71-F9CC47139A84}.Release|Any CPU.ActiveCfg = Release|Any CPU
		{3172F16D-3DA5-4B85-BC71-F9CC47139A84}.Release|Any CPU.Build.0 = Release|Any CPU
		{6228DE1F-2430-4F7A-BEC5-CBD56552F303}.Debug|Any CPU.ActiveCfg = Debug|Any CPU
		{6228DE1F-2430-4F7A-BEC5-CBD56552F303}.Debug|Any CPU.Build.0 = Debug|Any CPU
		{6228DE1F-2430-4F7A-BEC5-CBD56552F303}.Release|Any CPU.ActiveCfg = Release|Any CPU
		{6228DE1F-2430-4F7A-BEC5-CBD56552F303}.Release|Any CPU.Build.0 = Release|Any CPU
		{E75F60FB-32C7-4C51-9D6D-29057E19C43E}.Debug|Any CPU.ActiveCfg = Debug|Any CPU
		{E75F60FB-32C7-4C51-9D6D-29057E19C43E}.Debug|Any CPU.Build.0 = Debug|Any CPU
		{E75F60FB-32C7-4C51-9D6D-29057E19C43E}.Release|Any CPU.ActiveCfg = Release|Any CPU
		{E75F60FB-32C7-4C51-9D6D-29057E19C43E}.Release|Any CPU.Build.0 = Release|Any CPU
		{9E614865-004B-45A7-9519-D7B578E8F8E0}.Debug|Any CPU.ActiveCfg = Debug|Any CPU
		{9E614865-004B-45A7-9519-D7B578E8F8E0}.Debug|Any CPU.Build.0 = Debug|Any CPU
		{9E614865-004B-45A7-9519-D7B578E8F8E0}.Release|Any CPU.ActiveCfg = Release|Any CPU
		{9E614865-004B-45A7-9519-D7B578E8F8E0}.Release|Any CPU.Build.0 = Release|Any CPU
	EndGlobalSection
	GlobalSection(SolutionProperties) = preSolution
		HideSolutionNode = FALSE
	EndGlobalSection
	GlobalSection(ExtensibilityGlobals) = postSolution
		SolutionGuid = {C588700E-DF8B-4D0E-894E-93D05A4D5FDE}
	EndGlobalSection
EndGlobal
