
Microsoft Visual Studio Solution File, Format Version 12.00
# Visual Studio Version 16
VisualStudioVersion = 16.0.31402.337
MinimumVisualStudioVersion = 10.0.40219.1
Project("{9A19103F-16F7-4668-BE54-9A1E7A4F7556}") = "01.Cooking", "01.Cooking\01.Cooking.csproj", "{873CA87F-6941-4220-832C-82A5E22B081F}"
EndProject
Project("{9A19103F-16F7-4668-BE54-9A1E7A4F7556}") = "02.Selling", "02.Selling\02.Selling.csproj", "{B27030BA-4D1E-4495-B108-9DE829FE8823}"
EndProject
Project("{9A19103F-16F7-4668-BE54-9A1E7A4F7556}") = "02.Selling2var", "02.Selling2var\02.Selling2var.csproj", "{001C7D92-D3CF-4AAB-A6C0-C6A134141EBF}"
EndProject
Project("{9A19103F-16F7-4668-BE54-9A1E7A4F7556}") = "BakeryOpenning", "03. Openning_ Skeleton\BakeryOpenning.csproj", "{99927511-FC2D-4009-A076-CAF5CBEF2B82}"
EndProject
Global
	GlobalSection(SolutionConfigurationPlatforms) = preSolution
		Debug|Any CPU = Debug|Any CPU
		Release|Any CPU = Release|Any CPU
	EndGlobalSection
	GlobalSection(ProjectConfigurationPlatforms) = postSolution
		{873CA87F-6941-4220-832C-82A5E22B081F}.Debug|Any CPU.ActiveCfg = Debug|Any CPU
		{873CA87F-6941-4220-832C-82A5E22B081F}.Debug|Any CPU.Build.0 = Debug|Any CPU
		{873CA87F-6941-4220-832C-82A5E22B081F}.Release|Any CPU.ActiveCfg = Release|Any CPU
		{873CA87F-6941-4220-832C-82A5E22B081F}.Release|Any CPU.Build.0 = Release|Any CPU
		{B27030BA-4D1E-4495-B108-9DE829FE8823}.Debug|Any CPU.ActiveCfg = Debug|Any CPU
		{B27030BA-4D1E-4495-B108-9DE829FE8823}.Debug|Any CPU.Build.0 = Debug|Any CPU
		{B27030BA-4D1E-4495-B108-9DE829FE8823}.Release|Any CPU.ActiveCfg = Release|Any CPU
		{B27030BA-4D1E-4495-B108-9DE829FE8823}.Release|Any CPU.Build.0 = Release|Any CPU
		{001C7D92-D3CF-4AAB-A6C0-C6A134141EBF}.Debug|Any CPU.ActiveCfg = Debug|Any CPU
		{001C7D92-D3CF-4AAB-A6C0-C6A134141EBF}.Debug|Any CPU.Build.0 = Debug|Any CPU
		{001C7D92-D3CF-4AAB-A6C0-C6A134141EBF}.Release|Any CPU.ActiveCfg = Release|Any CPU
		{001C7D92-D3CF-4AAB-A6C0-C6A134141EBF}.Release|Any CPU.Build.0 = Release|Any CPU
		{99927511-FC2D-4009-A076-CAF5CBEF2B82}.Debug|Any CPU.ActiveCfg = Debug|Any CPU
		{99927511-FC2D-4009-A076-CAF5CBEF2B82}.Debug|Any CPU.Build.0 = Debug|Any CPU
		{99927511-FC2D-4009-A076-CAF5CBEF2B82}.Release|Any CPU.ActiveCfg = Release|Any CPU
		{99927511-FC2D-4009-A076-CAF5CBEF2B82}.Release|Any CPU.Build.0 = Release|Any CPU
	EndGlobalSection
	GlobalSection(SolutionProperties) = preSolution
		HideSolutionNode = FALSE
	EndGlobalSection
	GlobalSection(ExtensibilityGlobals) = postSolution
		SolutionGuid = {6A5F6AFA-4DC4-4E80-8B8A-62DA046F35CC}
	EndGlobalSection
EndGlobal
