
Microsoft Visual Studio Solution File, Format Version 12.00
# Visual Studio Version 16
VisualStudioVersion = 16.0.30717.126
MinimumVisualStudioVersion = 10.0.40219.1
Project("{FAE04EC0-301F-11D3-BF4B-00C04F79EFBC}") = "OddSum", "MomchilAlg3\OddSum.csproj", "{5C4F5400-1256-4581-81E0-554682CAF367}"
EndProject
Project("{FAE04EC0-301F-11D3-BF4B-00C04F79EFBC}") = "SumPowerXN", "SumPowerXN\SumPowerXN.csproj", "{19ECC9E6-CA34-4C54-BBD3-AD41936B85A6}"
EndProject
Global
	GlobalSection(SolutionConfigurationPlatforms) = preSolution
		Debug|Any CPU = Debug|Any CPU
		Release|Any CPU = Release|Any CPU
	EndGlobalSection
	GlobalSection(ProjectConfigurationPlatforms) = postSolution
		{5C4F5400-1256-4581-81E0-554682CAF367}.Debug|Any CPU.ActiveCfg = Debug|Any CPU
		{5C4F5400-1256-4581-81E0-554682CAF367}.Debug|Any CPU.Build.0 = Debug|Any CPU
		{5C4F5400-1256-4581-81E0-554682CAF367}.Release|Any CPU.ActiveCfg = Release|Any CPU
		{5C4F5400-1256-4581-81E0-554682CAF367}.Release|Any CPU.Build.0 = Release|Any CPU
		{19ECC9E6-CA34-4C54-BBD3-AD41936B85A6}.Debug|Any CPU.ActiveCfg = Debug|Any CPU
		{19ECC9E6-CA34-4C54-BBD3-AD41936B85A6}.Debug|Any CPU.Build.0 = Debug|Any CPU
		{19ECC9E6-CA34-4C54-BBD3-AD41936B85A6}.Release|Any CPU.ActiveCfg = Release|Any CPU
		{19ECC9E6-CA34-4C54-BBD3-AD41936B85A6}.Release|Any CPU.Build.0 = Release|Any CPU
	EndGlobalSection
	GlobalSection(SolutionProperties) = preSolution
		HideSolutionNode = FALSE
	EndGlobalSection
	GlobalSection(ExtensibilityGlobals) = postSolution
		SolutionGuid = {22F60143-5ECD-4CC2-AD31-403A45FEB886}
	EndGlobalSection
EndGlobal
