
Microsoft Visual Studio Solution File, Format Version 12.00
# Visual Studio Version 16
VisualStudioVersion = 16.0.31402.337
MinimumVisualStudioVersion = 10.0.40219.1
Project("{FAE04EC0-301F-11D3-BF4B-00C04F79EFBC}") = "01.Scheduling", "01.Scheduling\01.Scheduling.csproj", "{848D7FAC-1C6A-43AC-A28A-C599B07E69E7}"
EndProject
Project("{FAE04EC0-301F-11D3-BF4B-00C04F79EFBC}") = "02.Garden", "02.Garden\02.Garden.csproj", "{08BE55C0-DB21-44FA-B734-07BE630E5BF2}"
EndProject
Project("{9A19103F-16F7-4668-BE54-9A1E7A4F7556}") = "ClassroomProject", "..\..\C# 2021-May-Advanced\Exam 2020-10-25\03. Classroom_Skeleton\ClassroomProject.csproj", "{54E3495A-D910-432C-AEEC-F7B4809F261D}"
EndProject
Global
	GlobalSection(SolutionConfigurationPlatforms) = preSolution
		Debug|Any CPU = Debug|Any CPU
		Release|Any CPU = Release|Any CPU
	EndGlobalSection
	GlobalSection(ProjectConfigurationPlatforms) = postSolution
		{848D7FAC-1C6A-43AC-A28A-C599B07E69E7}.Debug|Any CPU.ActiveCfg = Debug|Any CPU
		{848D7FAC-1C6A-43AC-A28A-C599B07E69E7}.Debug|Any CPU.Build.0 = Debug|Any CPU
		{848D7FAC-1C6A-43AC-A28A-C599B07E69E7}.Release|Any CPU.ActiveCfg = Release|Any CPU
		{848D7FAC-1C6A-43AC-A28A-C599B07E69E7}.Release|Any CPU.Build.0 = Release|Any CPU
		{08BE55C0-DB21-44FA-B734-07BE630E5BF2}.Debug|Any CPU.ActiveCfg = Debug|Any CPU
		{08BE55C0-DB21-44FA-B734-07BE630E5BF2}.Debug|Any CPU.Build.0 = Debug|Any CPU
		{08BE55C0-DB21-44FA-B734-07BE630E5BF2}.Release|Any CPU.ActiveCfg = Release|Any CPU
		{08BE55C0-DB21-44FA-B734-07BE630E5BF2}.Release|Any CPU.Build.0 = Release|Any CPU
		{54E3495A-D910-432C-AEEC-F7B4809F261D}.Debug|Any CPU.ActiveCfg = Debug|Any CPU
		{54E3495A-D910-432C-AEEC-F7B4809F261D}.Debug|Any CPU.Build.0 = Debug|Any CPU
		{54E3495A-D910-432C-AEEC-F7B4809F261D}.Release|Any CPU.ActiveCfg = Release|Any CPU
		{54E3495A-D910-432C-AEEC-F7B4809F261D}.Release|Any CPU.Build.0 = Release|Any CPU
	EndGlobalSection
	GlobalSection(SolutionProperties) = preSolution
		HideSolutionNode = FALSE
	EndGlobalSection
	GlobalSection(ExtensibilityGlobals) = postSolution
		SolutionGuid = {8843484F-0CA8-4C1E-A704-61F66227165F}
	EndGlobalSection
EndGlobal
