
Microsoft Visual Studio Solution File, Format Version 12.00
# Visual Studio Version 16
VisualStudioVersion = 16.0.30907.101
MinimumVisualStudioVersion = 10.0.40219.1
Project("{9A19103F-16F7-4668-BE54-9A1E7A4F7556}") = "01.SoftUniReception", "01.SoftUniReception\01.SoftUniReception.csproj", "{8F0FCFEE-AFD9-479D-9CE6-B2B2008EBF28}"
EndProject
Project("{FAE04EC0-301F-11D3-BF4B-00C04F79EFBC}") = "02.ArrayModifier", "02.ArrayModifier\02.ArrayModifier.csproj", "{6E5355B5-5D7E-46E5-A35F-C5FCAE62C70B}"
EndProject
Project("{FAE04EC0-301F-11D3-BF4B-00C04F79EFBC}") = "03.Numbers", "03.Numbers\03.Numbers.csproj", "{6F25A4A7-76F5-4C90-A56F-20580E25D03E}"
EndProject
Global
	GlobalSection(SolutionConfigurationPlatforms) = preSolution
		Debug|Any CPU = Debug|Any CPU
		Release|Any CPU = Release|Any CPU
	EndGlobalSection
	GlobalSection(ProjectConfigurationPlatforms) = postSolution
		{8F0FCFEE-AFD9-479D-9CE6-B2B2008EBF28}.Debug|Any CPU.ActiveCfg = Debug|Any CPU
		{8F0FCFEE-AFD9-479D-9CE6-B2B2008EBF28}.Debug|Any CPU.Build.0 = Debug|Any CPU
		{8F0FCFEE-AFD9-479D-9CE6-B2B2008EBF28}.Release|Any CPU.ActiveCfg = Release|Any CPU
		{8F0FCFEE-AFD9-479D-9CE6-B2B2008EBF28}.Release|Any CPU.Build.0 = Release|Any CPU
		{6E5355B5-5D7E-46E5-A35F-C5FCAE62C70B}.Debug|Any CPU.ActiveCfg = Debug|Any CPU
		{6E5355B5-5D7E-46E5-A35F-C5FCAE62C70B}.Debug|Any CPU.Build.0 = Debug|Any CPU
		{6E5355B5-5D7E-46E5-A35F-C5FCAE62C70B}.Release|Any CPU.ActiveCfg = Release|Any CPU
		{6E5355B5-5D7E-46E5-A35F-C5FCAE62C70B}.Release|Any CPU.Build.0 = Release|Any CPU
		{6F25A4A7-76F5-4C90-A56F-20580E25D03E}.Debug|Any CPU.ActiveCfg = Debug|Any CPU
		{6F25A4A7-76F5-4C90-A56F-20580E25D03E}.Debug|Any CPU.Build.0 = Debug|Any CPU
		{6F25A4A7-76F5-4C90-A56F-20580E25D03E}.Release|Any CPU.ActiveCfg = Release|Any CPU
		{6F25A4A7-76F5-4C90-A56F-20580E25D03E}.Release|Any CPU.Build.0 = Release|Any CPU
	EndGlobalSection
	GlobalSection(SolutionProperties) = preSolution
		HideSolutionNode = FALSE
	EndGlobalSection
	GlobalSection(ExtensibilityGlobals) = postSolution
		SolutionGuid = {C531E9FF-C657-4D78-A0DB-E054F7CFEFFE}
	EndGlobalSection
EndGlobal
